
Microsoft Visual Studio Solution File, Format Version 12.00
# Visual Studio Version 16
VisualStudioVersion = 16.0.29728.190
MinimumVisualStudioVersion = 10.0.40219.1
Project("{FAE04EC0-301F-11D3-BF4B-00C04F79EFBC}") = "GameInterface", "WindowsFormsApp1\GameInterface.csproj", "{58C27439-E294-4E83-889B-6F4B7A553DC9}"
EndProject
Global
	GlobalSection(SolutionConfigurationPlatforms) = preSolution
		Debug|Any CPU = Debug|Any CPU
		Release|Any CPU = Release|Any CPU
	EndGlobalSection
	GlobalSection(ProjectConfigurationPlatforms) = postSolution
		{58C27439-E294-4E83-889B-6F4B7A553DC9}.Debug|Any CPU.ActiveCfg = Debug|Any CPU
		{58C27439-E294-4E83-889B-6F4B7A553DC9}.Debug|Any CPU.Build.0 = Debug|Any CPU
		{58C27439-E294-4E83-889B-6F4B7A553DC9}.Release|Any CPU.ActiveCfg = Release|Any CPU
		{58C27439-E294-4E83-889B-6F4B7A553DC9}.Release|Any CPU.Build.0 = Release|Any CPU
	EndGlobalSection
	GlobalSection(SolutionProperties) = preSolution
		HideSolutionNode = FALSE
	EndGlobalSection
	GlobalSection(ExtensibilityGlobals) = postSolution
		SolutionGuid = {54629A3C-6C6F-4E56-845C-8CF64AE25FC5}
	EndGlobalSection
EndGlobal
